// !$*UTF8*$!
{
	archiveVersion = 1;
	classes = {
	};
	objectVersion = 46;
	objects = {

/* Begin PBXBuildFile section */
		41188402168EC96B058F78BF /* Pods_LeakyProtocol.framework in Frameworks */ = {isa = PBXBuildFile; fileRef = 1BE5E852CFD2204120F59670 /* Pods_LeakyProtocol.framework */; };
		C6D62D3C1C416C0A00EAFF0E /* AppDelegate.swift in Sources */ = {isa = PBXBuildFile; fileRef = C6D62D3B1C416C0A00EAFF0E /* AppDelegate.swift */; };
		C6D62D3E1C416C0A00EAFF0E /* ViewController.swift in Sources */ = {isa = PBXBuildFile; fileRef = C6D62D3D1C416C0A00EAFF0E /* ViewController.swift */; };
		C6D62D411C416C0A00EAFF0E /* Main.storyboard in Resources */ = {isa = PBXBuildFile; fileRef = C6D62D3F1C416C0A00EAFF0E /* Main.storyboard */; };
		C6D62D431C416C0A00EAFF0E /* Assets.xcassets in Resources */ = {isa = PBXBuildFile; fileRef = C6D62D421C416C0A00EAFF0E /* Assets.xcassets */; };
		C6D62D461C416C0A00EAFF0E /* LaunchScreen.storyboard in Resources */ = {isa = PBXBuildFile; fileRef = C6D62D441C416C0A00EAFF0E /* LaunchScreen.storyboard */; };
		C6D62D4E1C416C1B00EAFF0E /* XYZ.swift in Sources */ = {isa = PBXBuildFile; fileRef = C6D62D4D1C416C1B00EAFF0E /* XYZ.swift */; };
/* End PBXBuildFile section */

/* Begin PBXFileReference section */
		01CE6D929F7F559D686A5E76 /* Pods-LeakyProtocol.debug.xcconfig */ = {isa = PBXFileReference; includeInIndex = 1; lastKnownFileType = text.xcconfig; name = "Pods-LeakyProtocol.debug.xcconfig"; path = "Pods/Target Support Files/Pods-LeakyProtocol/Pods-LeakyProtocol.debug.xcconfig"; sourceTree = "<group>"; };
		1BE5E852CFD2204120F59670 /* Pods_LeakyProtocol.framework */ = {isa = PBXFileReference; explicitFileType = wrapper.framework; includeInIndex = 0; path = Pods_LeakyProtocol.framework; sourceTree = BUILT_PRODUCTS_DIR; };
		90E0C2DAE24E28D002455F6F /* Pods-LeakyProtocol.release.xcconfig */ = {isa = PBXFileReference; includeInIndex = 1; lastKnownFileType = text.xcconfig; name = "Pods-LeakyProtocol.release.xcconfig"; path = "Pods/Target Support Files/Pods-LeakyProtocol/Pods-LeakyProtocol.release.xcconfig"; sourceTree = "<group>"; };
		C6D62D381C416C0A00EAFF0E /* LeakyProtocol.app */ = {isa = PBXFileReference; explicitFileType = wrapper.application; includeInIndex = 0; path = LeakyProtocol.app; sourceTree = BUILT_PRODUCTS_DIR; };
		C6D62D3B1C416C0A00EAFF0E /* AppDelegate.swift */ = {isa = PBXFileReference; lastKnownFileType = sourcecode.swift; path = AppDelegate.swift; sourceTree = "<group>"; };
		C6D62D3D1C416C0A00EAFF0E /* ViewController.swift */ = {isa = PBXFileReference; lastKnownFileType = sourcecode.swift; path = ViewController.swift; sourceTree = "<group>"; };
		C6D62D401C416C0A00EAFF0E /* Base */ = {isa = PBXFileReference; lastKnownFileType = file.storyboard; name = Base; path = Base.lproj/Main.storyboard; sourceTree = "<group>"; };
		C6D62D421C416C0A00EAFF0E /* Assets.xcassets */ = {isa = PBXFileReference; lastKnownFileType = folder.assetcatalog; path = Assets.xcassets; sourceTree = "<group>"; };
		C6D62D451C416C0A00EAFF0E /* Base */ = {isa = PBXFileReference; lastKnownFileType = file.storyboard; name = Base; path = Base.lproj/LaunchScreen.storyboard; sourceTree = "<group>"; };
		C6D62D471C416C0A00EAFF0E /* Info.plist */ = {isa = PBXFileReference; lastKnownFileType = text.plist.xml; path = Info.plist; sourceTree = "<group>"; };
		C6D62D4D1C416C1B00EAFF0E /* XYZ.swift */ = {isa = PBXFileReference; fileEncoding = 4; lastKnownFileType = sourcecode.swift; path = XYZ.swift; sourceTree = "<group>"; };
/* End PBXFileReference section */

/* Begin PBXFrameworksBuildPhase section */
		C6D62D351C416C0A00EAFF0E /* Frameworks */ = {
			isa = PBXFrameworksBuildPhase;
			buildActionMask = 2147483647;
			files = (
				41188402168EC96B058F78BF /* Pods_LeakyProtocol.framework in Frameworks */,
			);
			runOnlyForDeploymentPostprocessing = 0;
		};
/* End PBXFrameworksBuildPhase section */

/* Begin PBXGroup section */
		06AF3B987CC2A362782FCA01 /* Pods */ = {
			isa = PBXGroup;
			children = (
				01CE6D929F7F559D686A5E76 /* Pods-LeakyProtocol.debug.xcconfig */,
				90E0C2DAE24E28D002455F6F /* Pods-LeakyProtocol.release.xcconfig */,
			);
			name = Pods;
			sourceTree = "<group>";
		};
		ABB37A6258DE9AFAF3BB0A96 /* Frameworks */ = {
			isa = PBXGroup;
			children = (
				1BE5E852CFD2204120F59670 /* Pods_LeakyProtocol.framework */,
			);
			name = Frameworks;
			sourceTree = "<group>";
		};
		C6D62D2F1C416C0A00EAFF0E = {
			isa = PBXGroup;
			children = (
				C6D62D3A1C416C0A00EAFF0E /* LeakyProtocol */,
				C6D62D391C416C0A00EAFF0E /* Products */,
				06AF3B987CC2A362782FCA01 /* Pods */,
				ABB37A6258DE9AFAF3BB0A96 /* Frameworks */,
			);
			sourceTree = "<group>";
		};
		C6D62D391C416C0A00EAFF0E /* Products */ = {
			isa = PBXGroup;
			children = (
				C6D62D381C416C0A00EAFF0E /* LeakyProtocol.app */,
			);
			name = Products;
			sourceTree = "<group>";
		};
		C6D62D3A1C416C0A00EAFF0E /* LeakyProtocol */ = {
			isa = PBXGroup;
			children = (
				C6D62D3B1C416C0A00EAFF0E /* AppDelegate.swift */,
				C6D62D3D1C416C0A00EAFF0E /* ViewController.swift */,
				C6D62D3F1C416C0A00EAFF0E /* Main.storyboard */,
				C6D62D421C416C0A00EAFF0E /* Assets.xcassets */,
				C6D62D441C416C0A00EAFF0E /* LaunchScreen.storyboard */,
				C6D62D471C416C0A00EAFF0E /* Info.plist */,
				C6D62D4D1C416C1B00EAFF0E /* XYZ.swift */,
			);
			path = LeakyProtocol;
			sourceTree = "<group>";
		};
/* End PBXGroup section */

/* Begin PBXNativeTarget section */
		C6D62D371C416C0A00EAFF0E /* LeakyProtocol */ = {
			isa = PBXNativeTarget;
			buildConfigurationList = C6D62D4A1C416C0A00EAFF0E /* Build configuration list for PBXNativeTarget "LeakyProtocol" */;
			buildPhases = (
				2BA727C9AE4B709A329E1500 /* Check Pods Manifest.lock */,
				C6D62D341C416C0A00EAFF0E /* Sources */,
				C6D62D351C416C0A00EAFF0E /* Frameworks */,
				C6D62D361C416C0A00EAFF0E /* Resources */,
				12B8386B8DD1FC418B9849C3 /* Embed Pods Frameworks */,
				267DADD05D2CEF9C5817E643 /* Copy Pods Resources */,
			);
			buildRules = (
			);
			dependencies = (
			);
			name = LeakyProtocol;
			productName = LeakyProtocol;
			productReference = C6D62D381C416C0A00EAFF0E /* LeakyProtocol.app */;
			productType = "com.apple.product-type.application";
		};
/* End PBXNativeTarget section */

/* Begin PBXProject section */
		C6D62D301C416C0A00EAFF0E /* Project object */ = {
			isa = PBXProject;
			attributes = {
				LastSwiftUpdateCheck = 0720;
				LastUpgradeCheck = 0720;
				ORGANIZATIONNAME = "Mike Finney";
				TargetAttributes = {
					C6D62D371C416C0A00EAFF0E = {
						CreatedOnToolsVersion = 7.2;
					};
				};
			};
			buildConfigurationList = C6D62D331C416C0A00EAFF0E /* Build configuration list for PBXProject "LeakyProtocol" */;
			compatibilityVersion = "Xcode 3.2";
			developmentRegion = English;
			hasScannedForEncodings = 0;
			knownRegions = (
				en,
				Base,
			);
			mainGroup = C6D62D2F1C416C0A00EAFF0E;
			productRefGroup = C6D62D391C416C0A00EAFF0E /* Products */;
			projectDirPath = "";
			projectRoot = "";
			targets = (
				C6D62D371C416C0A00EAFF0E /* LeakyProtocol */,
			);
		};
/* End PBXProject section */

/* Begin PBXResourcesBuildPhase section */
		C6D62D361C416C0A00EAFF0E /* Resources */ = {
			isa = PBXResourcesBuildPhase;
			buildActionMask = 2147483647;
			files = (
				C6D62D461C416C0A00EAFF0E /* LaunchScreen.storyboard in Resources */,
				C6D62D431C416C0A00EAFF0E /* Assets.xcassets in Resources */,
				C6D62D411C416C0A00EAFF0E /* Main.storyboard in Resources */,
			);
			runOnlyForDeploymentPostprocessing = 0;
		};
/* End PBXResourcesBuildPhase section */

/* Begin PBXShellScriptBuildPhase section */
		12B8386B8DD1FC418B9849C3 /* Embed Pods Frameworks */ = {
			isa = PBXShellScriptBuildPhase;
			buildActionMask = 2147483647;
			files = (
			);
			inputPaths = (
			);
			name = "Embed Pods Frameworks";
			outputPaths = (
			);
			runOnlyForDeploymentPostprocessing = 0;
			shellPath = /bin/sh;
			shellScript = "\"${SRCROOT}/Pods/Target Support Files/Pods-LeakyProtocol/Pods-LeakyProtocol-frameworks.sh\"\n";
			showEnvVarsInLog = 0;
		};
		267DADD05D2CEF9C5817E643 /* Copy Pods Resources */ = {
			isa = PBXShellScriptBuildPhase;
			buildActionMask = 2147483647;
			files = (
			);
			inputPaths = (
			);
			name = "Copy Pods Resources";
			outputPaths = (
			);
			runOnlyForDeploymentPostprocessing = 0;
			shellPath = /bin/sh;
			shellScript = "\"${SRCROOT}/Pods/Target Support Files/Pods-LeakyProtocol/Pods-LeakyProtocol-resources.sh\"\n";
			showEnvVarsInLog = 0;
		};
		2BA727C9AE4B709A329E1500 /* Check Pods Manifest.lock */ = {
			isa = PBXShellScriptBuildPhase;
			buildActionMask = 2147483647;
			files = (
			);
			inputPaths = (
			);
			name = "Check Pods Manifest.lock";
			outputPaths = (
			);
			runOnlyForDeploymentPostprocessing = 0;
			shellPath = /bin/sh;
			shellScript = "diff \"${PODS_ROOT}/../Podfile.lock\" \"${PODS_ROOT}/Manifest.lock\" > /dev/null\nif [[ $? != 0 ]] ; then\n    cat << EOM\nerror: The sandbox is not in sync with the Podfile.lock. Run 'pod install' or update your CocoaPods installation.\nEOM\n    exit 1\nfi\n";
			showEnvVarsInLog = 0;
		};
/* End PBXShellScriptBuildPhase section */

/* Begin PBXSourcesBuildPhase section */
		C6D62D341C416C0A00EAFF0E /* Sources */ = {
			isa = PBXSourcesBuildPhase;
			buildActionMask = 2147483647;
			files = (
				C6D62D4E1C416C1B00EAFF0E /* XYZ.swift in Sources */,
				C6D62D3E1C416C0A00EAFF0E /* ViewController.swift in Sources */,
				C6D62D3C1C416C0A00EAFF0E /* AppDelegate.swift in Sources */,
			);
			runOnlyForDeploymentPostprocessing = 0;
		};
/* End PBXSourcesBuildPhase section */

/* Begin PBXVariantGroup section */
		C6D62D3F1C416C0A00EAFF0E /* Main.storyboard */ = {
			isa = PBXVariantGroup;
			children = (
				C6D62D401C416C0A00EAFF0E /* Base */,
			);
			name = Main.storyboard;
			sourceTree = "<group>";
		};
		C6D62D441C416C0A00EAFF0E /* LaunchScreen.storyboard */ = {
			isa = PBXVariantGroup;
			children = (
				C6D62D451C416C0A00EAFF0E /* Base */,
			);
			name = LaunchScreen.storyboard;
			sourceTree = "<group>";
		};
/* End PBXVariantGroup section */

/* Begin XCBuildConfiguration section */
		C6D62D481C416C0A00EAFF0E /* Debug */ = {
			isa = XCBuildConfiguration;
			buildSettings = {
				ALWAYS_SEARCH_USER_PATHS = NO;
				CLANG_CXX_LANGUAGE_STANDARD = "gnu++0x";
				CLANG_CXX_LIBRARY = "libc++";
				CLANG_ENABLE_MODULES = YES;
				CLANG_ENABLE_OBJC_ARC = YES;
				CLANG_WARN_BOOL_CONVERSION = YES;
				CLANG_WARN_CONSTANT_CONVERSION = YES;
				CLANG_WARN_DIRECT_OBJC_ISA_USAGE = YES_ERROR;
				CLANG_WARN_EMPTY_BODY = YES;
				CLANG_WARN_ENUM_CONVERSION = YES;
				CLANG_WARN_INT_CONVERSION = YES;
				CLANG_WARN_OBJC_ROOT_CLASS = YES_ERROR;
				CLANG_WARN_UNREACHABLE_CODE = YES;
				CLANG_WARN__DUPLICATE_METHOD_MATCH = YES;
				"CODE_SIGN_IDENTITY[sdk=iphoneos*]" = "iPhone Developer";
				COPY_PHASE_STRIP = NO;
				DEBUG_INFORMATION_FORMAT = dwarf;
				ENABLE_STRICT_OBJC_MSGSEND = YES;
				ENABLE_TESTABILITY = YES;
				GCC_C_LANGUAGE_STANDARD = gnu99;
				GCC_DYNAMIC_NO_PIC = NO;
				GCC_NO_COMMON_BLOCKS = YES;
				GCC_OPTIMIZATION_LEVEL = 0;
				GCC_PREPROCESSOR_DEFINITIONS = (
					"DEBUG=1",
					"$(inherited)",
				);
				GCC_WARN_64_TO_32_BIT_CONVERSION = YES;
				GCC_WARN_ABOUT_RETURN_TYPE = YES_ERROR;
				GCC_WARN_UNDECLARED_SELECTOR = YES;
				GCC_WARN_UNINITIALIZED_AUTOS = YES_AGGRESSIVE;
				GCC_WARN_UNUSED_FUNCTION = YES;
				GCC_WARN_UNUSED_VARIABLE = YES;
				IPHONEOS_DEPLOYMENT_TARGET = 9.2;
				MTL_ENABLE_DEBUG_INFO = YES;
				ONLY_ACTIVE_ARCH = YES;
				SDKROOT = iphoneos;
				SWIFT_OPTIMIZATION_LEVEL = "-Onone";
			};
			name = Debug;
		};
		C6D62D491C416C0A00EAFF0E /* Release */ = {
			isa = XCBuildConfiguration;
			buildSettings = {
				ALWAYS_SEARCH_USER_PATHS = NO;
				CLANG_CXX_LANGUAGE_STANDARD = "gnu++0x";
				CLANG_CXX_LIBRARY = "libc++";
				CLANG_ENABLE_MODULES = YES;
				CLANG_ENABLE_OBJC_ARC = YES;
				CLANG_WARN_BOOL_CONVERSION = YES;
				CLANG_WARN_CONSTANT_CONVERSION = YES;
				CLANG_WARN_DIRECT_OBJC_ISA_USAGE = YES_ERROR;
				CLANG_WARN_EMPTY_BODY = YES;
				CLANG_WARN_ENUM_CONVERSION = YES;
				CLANG_WARN_INT_CONVERSION = YES;
				CLANG_WARN_OBJC_ROOT_CLASS = YES_ERROR;
				CLANG_WARN_UNREACHABLE_CODE = YES;
				CLANG_WARN__DUPLICATE_METHOD_MATCH = YES;
				"CODE_SIGN_IDENTITY[sdk=iphoneos*]" = "iPhone Developer";
				COPY_PHASE_STRIP = NO;
				DEBUG_INFORMATION_FORMAT = "dwarf-with-dsym";
				ENABLE_NS_ASSERTIONS = NO;
				ENABLE_STRICT_OBJC_MSGSEND = YES;
				GCC_C_LANGUAGE_STANDARD = gnu99;
				GCC_NO_COMMON_BLOCKS = YES;
				GCC_WARN_64_TO_32_BIT_CONVERSION = YES;
				GCC_WARN_ABOUT_RETURN_TYPE = YES_ERROR;
				GCC_WARN_UNDECLARED_SELECTOR = YES;
				GCC_WARN_UNINITIALIZED_AUTOS = YES_AGGRESSIVE;
				GCC_WARN_UNUSED_FUNCTION = YES;
				GCC_WARN_UNUSED_VARIABLE = YES;
				IPHONEOS_DEPLOYMENT_TARGET = 9.2;
				MTL_ENABLE_DEBUG_INFO = NO;
				SDKROOT = iphoneos;
				VALIDATE_PRODUCT = YES;
			};
			name = Release;
		};
		C6D62D4B1C416C0A00EAFF0E /* Debug */ = {
			isa = XCBuildConfiguration;
			baseConfigurationReference = 01CE6D929F7F559D686A5E76 /* Pods-LeakyProtocol.debug.xcconfig */;
			buildSettings = {
				ASSETCATALOG_COMPILER_APPICON_NAME = AppIcon;
				INFOPLIST_FILE = LeakyProtocol/Info.plist;
				LD_RUNPATH_SEARCH_PATHS = "$(inherited) @executable_path/Frameworks";
				PRODUCT_BUNDLE_IDENTIFIER = com.finneycanhelp.LeakyProtocol;
				PRODUCT_NAME = "$(TARGET_NAME)";
			};
			name = Debug;
		};
		C6D62D4C1C416C0A00EAFF0E /* Release */ = {
			isa = XCBuildConfiguration;
			baseConfigurationReference = 90E0C2DAE24E28D002455F6F /* Pods-LeakyProtocol.release.xcconfig */;
			buildSettings = {
				ASSETCATALOG_COMPILER_APPICON_NAME = AppIcon;
				INFOPLIST_FILE = LeakyProtocol/Info.plist;
				LD_RUNPATH_SEARCH_PATHS = "$(inherited) @executable_path/Frameworks";
				PRODUCT_BUNDLE_IDENTIFIER = com.finneycanhelp.LeakyProtocol;
				PRODUCT_NAME = "$(TARGET_NAME)";
			};
			name = Release;
		};
/* End XCBuildConfiguration section */

/* Begin XCConfigurationList section */
		C6D62D331C416C0A00EAFF0E /* Build configuration list for PBXProject "LeakyProtocol" */ = {
			isa = XCConfigurationList;
			buildConfigurations = (
				C6D62D481C416C0A00EAFF0E /* Debug */,
				C6D62D491C416C0A00EAFF0E /* Release */,
			);
			defaultConfigurationIsVisible = 0;
			defaultConfigurationName = Release;
		};
		C6D62D4A1C416C0A00EAFF0E /* Build configuration list for PBXNativeTarget "LeakyProtocol" */ = {
			isa = XCConfigurationList;
			buildConfigurations = (
				C6D62D4B1C416C0A00EAFF0E /* Debug */,
				C6D62D4C1C416C0A00EAFF0E /* Release */,
			);
			defaultConfigurationIsVisible = 0;
			defaultConfigurationName = Release;
		};
/* End XCConfigurationList section */
	};
	rootObject = C6D62D301C416C0A00EAFF0E /* Project object */;
}
